
Microsoft Visual Studio Solution File, Format Version 12.00
# Visual Studio 14
VisualStudioVersion = 14.0.25420.1
MinimumVisualStudioVersion = 10.0.40219.1
Project("{159641D6-6404-4A2A-AE62-294DE0FE8301}") = "ETLSystem - Testing", "ETLSystem - Testing\ETLSystem - Testing.dtproj", "{F5EFE525-01D8-4CDB-8C62-B25488D5D541}"
EndProject
Project("{FAE04EC0-301F-11D3-BF4B-00C04F79EFBC}") = "Database", "ReportingWarehouse\Database.csproj", "{68FF28D8-08EB-4075-BB22-8ED1140B7CBA}"
EndProject
Project("{FAE04EC0-301F-11D3-BF4B-00C04F79EFBC}") = "TestProject", "TestProject\TestProject.csproj", "{BAF50114-0C67-42B7-973E-729A3D3CDD1B}"
EndProject
Project("{159641D6-6404-4A2A-AE62-294DE0FE8301}") = "ETLSystem - HRIS", "ETLSystem\ETLSystem - HRIS.dtproj", "{B20BEEC7-ED9A-4453-870C-C70C24AB405A}"
EndProject
Project("{F14B399A-7131-4C87-9E4B-1186C45EF12D}") = "Reports - SSRS - ComCare", "Reports\Reports - SSRS - ComCare.rptproj", "{ABFF9818-7D0A-48DA-8D3E-8EFDAE4A87CA}"
EndProject
Project("{D2ABAB84-BF74-430A-B69E-9DC6D40DDA17}") = "EmployeePositionCube", "EmployeePositionCube\EmployeePositionCube.dwproj", "{84A03333-E987-4264-94FC-6D28EF8B3CD4}"
EndProject
Project("{D2ABAB84-BF74-430A-B69E-9DC6D40DDA17}") = "EmployeeTerminationCube", "EmployeeTerminationCube\EmployeeTerminationCube.dwproj", "{6E03E9D7-F100-4184-A0C4-947D30D2E030}"
EndProject
Project("{159641D6-6404-4A2A-AE62-294DE0FE8301}") = "ETLSystem - ComCare", "ETLSystem - ComCare\ETLSystem - ComCare.dtproj", "{95A54678-CFD2-4059-9281-1C21618C771E}"
EndProject
Project("{159641D6-6404-4A2A-AE62-294DE0FE8301}") = "ETLSystem - Riskman", "ETLSystem - Riskman\ETLSystem - Riskman.dtproj", "{3BB1D289-6CCF-4611-AB2B-4408EB3944A7}"
EndProject
Project("{159641D6-6404-4A2A-AE62-294DE0FE8301}") = "ETLSystem - Finance", "ETLSystem - Finance\ETLSystem - Finance.dtproj", "{905C9F78-1EA6-4074-92F9-8CBE00A9309D}"
EndProject
Project("{00D1A9C2-B5F0-4AF3-8072-F6C62B433612}") = "Matrix_Bus", "Matrix_Bus\Matrix_Bus.sqlproj", "{08EA0F58-5C01-453A-A9B5-7EB86F538BF7}"
EndProject
Project("{2150E333-8FDC-42A3-9474-1A3956D46DE8}") = "Operation_Instruction", "Operation_Instruction", "{D3A0A79B-F497-4899-B8CD-8301BB8F88DE}"
	ProjectSection(SolutionItems) = preProject
		Operation Instruction\DWH & e3learning Data Interface Operation Instruction.docx = Operation Instruction\DWH & e3learning Data Interface Operation Instruction.docx
		Operation Instruction\HRIS Data Mart and PowerBI Reports Daily Maintenance Operation Instruction.docx = Operation Instruction\HRIS Data Mart and PowerBI Reports Daily Maintenance Operation Instruction.docx
	EndProjectSection
EndProject
Project("{FAE04EC0-301F-11D3-BF4B-00C04F79EFBC}") = "ConsoleApplication", "ConsoleApplication\ConsoleApplication.csproj", "{483B319D-7F85-45BA-98B8-2094B2E9EFC1}"
EndProject
Global
	GlobalSection(SolutionConfigurationPlatforms) = preSolution
		Debug|Any CPU = Debug|Any CPU
		DebugLocal|Any CPU = DebugLocal|Any CPU
		Development|Any CPU = Development|Any CPU
		Release|Any CPU = Release|Any CPU
	EndGlobalSection
	GlobalSection(ProjectConfigurationPlatforms) = postSolution
		{F5EFE525-01D8-4CDB-8C62-B25488D5D541}.Debug|Any CPU.ActiveCfg = Development
		{F5EFE525-01D8-4CDB-8C62-B25488D5D541}.Debug|Any CPU.Build.0 = Development
		{F5EFE525-01D8-4CDB-8C62-B25488D5D541}.DebugLocal|Any CPU.ActiveCfg = Development
		{F5EFE525-01D8-4CDB-8C62-B25488D5D541}.DebugLocal|Any CPU.Build.0 = Development
		{F5EFE525-01D8-4CDB-8C62-B25488D5D541}.Development|Any CPU.ActiveCfg = Development
		{F5EFE525-01D8-4CDB-8C62-B25488D5D541}.Development|Any CPU.Build.0 = Development
		{F5EFE525-01D8-4CDB-8C62-B25488D5D541}.Release|Any CPU.ActiveCfg = Development
		{F5EFE525-01D8-4CDB-8C62-B25488D5D541}.Release|Any CPU.Build.0 = Development
		{68FF28D8-08EB-4075-BB22-8ED1140B7CBA}.Debug|Any CPU.ActiveCfg = Debug|Any CPU
		{68FF28D8-08EB-4075-BB22-8ED1140B7CBA}.DebugLocal|Any CPU.ActiveCfg = Debug|Any CPU
		{68FF28D8-08EB-4075-BB22-8ED1140B7CBA}.DebugLocal|Any CPU.Build.0 = Debug|Any CPU
		{68FF28D8-08EB-4075-BB22-8ED1140B7CBA}.Development|Any CPU.ActiveCfg = Debug|Any CPU
		{68FF28D8-08EB-4075-BB22-8ED1140B7CBA}.Development|Any CPU.Build.0 = Debug|Any CPU
		{68FF28D8-08EB-4075-BB22-8ED1140B7CBA}.Release|Any CPU.ActiveCfg = Release|Any CPU
		{68FF28D8-08EB-4075-BB22-8ED1140B7CBA}.Release|Any CPU.Build.0 = Release|Any CPU
		{BAF50114-0C67-42B7-973E-729A3D3CDD1B}.Debug|Any CPU.ActiveCfg = Debug|Any CPU
		{BAF50114-0C67-42B7-973E-729A3D3CDD1B}.DebugLocal|Any CPU.ActiveCfg = Debug|Any CPU
		{BAF50114-0C67-42B7-973E-729A3D3CDD1B}.DebugLocal|Any CPU.Build.0 = Debug|Any CPU
		{BAF50114-0C67-42B7-973E-729A3D3CDD1B}.Development|Any CPU.ActiveCfg = Debug|Any CPU
		{BAF50114-0C67-42B7-973E-729A3D3CDD1B}.Development|Any CPU.Build.0 = Debug|Any CPU
		{BAF50114-0C67-42B7-973E-729A3D3CDD1B}.Release|Any CPU.ActiveCfg = Release|Any CPU
		{BAF50114-0C67-42B7-973E-729A3D3CDD1B}.Release|Any CPU.Build.0 = Release|Any CPU
		{B20BEEC7-ED9A-4453-870C-C70C24AB405A}.Debug|Any CPU.ActiveCfg = Development
		{B20BEEC7-ED9A-4453-870C-C70C24AB405A}.DebugLocal|Any CPU.ActiveCfg = Development
		{B20BEEC7-ED9A-4453-870C-C70C24AB405A}.DebugLocal|Any CPU.Build.0 = Development
		{B20BEEC7-ED9A-4453-870C-C70C24AB405A}.Development|Any CPU.ActiveCfg = Development
		{B20BEEC7-ED9A-4453-870C-C70C24AB405A}.Development|Any CPU.Build.0 = Development
		{B20BEEC7-ED9A-4453-870C-C70C24AB405A}.Release|Any CPU.ActiveCfg = Development
		{B20BEEC7-ED9A-4453-870C-C70C24AB405A}.Release|Any CPU.Build.0 = Development
		{ABFF9818-7D0A-48DA-8D3E-8EFDAE4A87CA}.Debug|Any CPU.ActiveCfg = Debug
		{ABFF9818-7D0A-48DA-8D3E-8EFDAE4A87CA}.DebugLocal|Any CPU.ActiveCfg = DebugLocal
		{ABFF9818-7D0A-48DA-8D3E-8EFDAE4A87CA}.DebugLocal|Any CPU.Build.0 = DebugLocal
		{ABFF9818-7D0A-48DA-8D3E-8EFDAE4A87CA}.Development|Any CPU.ActiveCfg = DebugLocal
		{ABFF9818-7D0A-48DA-8D3E-8EFDAE4A87CA}.Development|Any CPU.Build.0 = DebugLocal
		{ABFF9818-7D0A-48DA-8D3E-8EFDAE4A87CA}.Release|Any CPU.ActiveCfg = Release
		{ABFF9818-7D0A-48DA-8D3E-8EFDAE4A87CA}.Release|Any CPU.Build.0 = Release
		{ABFF9818-7D0A-48DA-8D3E-8EFDAE4A87CA}.Release|Any CPU.Deploy.0 = Release
		{84A03333-E987-4264-94FC-6D28EF8B3CD4}.Debug|Any CPU.ActiveCfg = Development
		{84A03333-E987-4264-94FC-6D28EF8B3CD4}.DebugLocal|Any CPU.ActiveCfg = Development
		{84A03333-E987-4264-94FC-6D28EF8B3CD4}.DebugLocal|Any CPU.Build.0 = Development
		{84A03333-E987-4264-94FC-6D28EF8B3CD4}.DebugLocal|Any CPU.Deploy.0 = Development
		{84A03333-E987-4264-94FC-6D28EF8B3CD4}.Development|Any CPU.ActiveCfg = Development
		{84A03333-E987-4264-94FC-6D28EF8B3CD4}.Development|Any CPU.Build.0 = Development
		{84A03333-E987-4264-94FC-6D28EF8B3CD4}.Development|Any CPU.Deploy.0 = Development
		{84A03333-E987-4264-94FC-6D28EF8B3CD4}.Release|Any CPU.ActiveCfg = Development
		{84A03333-E987-4264-94FC-6D28EF8B3CD4}.Release|Any CPU.Build.0 = Development
		{84A03333-E987-4264-94FC-6D28EF8B3CD4}.Release|Any CPU.Deploy.0 = Development
		{6E03E9D7-F100-4184-A0C4-947D30D2E030}.Debug|Any CPU.ActiveCfg = Development
		{6E03E9D7-F100-4184-A0C4-947D30D2E030}.DebugLocal|Any CPU.ActiveCfg = Development
		{6E03E9D7-F100-4184-A0C4-947D30D2E030}.DebugLocal|Any CPU.Build.0 = Development
		{6E03E9D7-F100-4184-A0C4-947D30D2E030}.DebugLocal|Any CPU.Deploy.0 = Development
		{6E03E9D7-F100-4184-A0C4-947D30D2E030}.Development|Any CPU.ActiveCfg = Development
		{6E03E9D7-F100-4184-A0C4-947D30D2E030}.Development|Any CPU.Build.0 = Development
		{6E03E9D7-F100-4184-A0C4-947D30D2E030}.Development|Any CPU.Deploy.0 = Development
		{6E03E9D7-F100-4184-A0C4-947D30D2E030}.Release|Any CPU.ActiveCfg = Development
		{6E03E9D7-F100-4184-A0C4-947D30D2E030}.Release|Any CPU.Build.0 = Development
		{6E03E9D7-F100-4184-A0C4-947D30D2E030}.Release|Any CPU.Deploy.0 = Development
		{95A54678-CFD2-4059-9281-1C21618C771E}.Debug|Any CPU.ActiveCfg = Development
		{95A54678-CFD2-4059-9281-1C21618C771E}.DebugLocal|Any CPU.ActiveCfg = Development
		{95A54678-CFD2-4059-9281-1C21618C771E}.DebugLocal|Any CPU.Build.0 = Development
		{95A54678-CFD2-4059-9281-1C21618C771E}.Development|Any CPU.ActiveCfg = Development
		{95A54678-CFD2-4059-9281-1C21618C771E}.Development|Any CPU.Build.0 = Development
		{95A54678-CFD2-4059-9281-1C21618C771E}.Release|Any CPU.ActiveCfg = Development
		{95A54678-CFD2-4059-9281-1C21618C771E}.Release|Any CPU.Build.0 = Development
		{3BB1D289-6CCF-4611-AB2B-4408EB3944A7}.Debug|Any CPU.ActiveCfg = Development
		{3BB1D289-6CCF-4611-AB2B-4408EB3944A7}.DebugLocal|Any CPU.ActiveCfg = Development
		{3BB1D289-6CCF-4611-AB2B-4408EB3944A7}.DebugLocal|Any CPU.Build.0 = Development
		{3BB1D289-6CCF-4611-AB2B-4408EB3944A7}.Development|Any CPU.ActiveCfg = Development
		{3BB1D289-6CCF-4611-AB2B-4408EB3944A7}.Development|Any CPU.Build.0 = Development
		{3BB1D289-6CCF-4611-AB2B-4408EB3944A7}.Release|Any CPU.ActiveCfg = Development
		{3BB1D289-6CCF-4611-AB2B-4408EB3944A7}.Release|Any CPU.Build.0 = Development
		{905C9F78-1EA6-4074-92F9-8CBE00A9309D}.Debug|Any CPU.ActiveCfg = Development
		{905C9F78-1EA6-4074-92F9-8CBE00A9309D}.Debug|Any CPU.Build.0 = Development
		{905C9F78-1EA6-4074-92F9-8CBE00A9309D}.DebugLocal|Any CPU.ActiveCfg = Development
		{905C9F78-1EA6-4074-92F9-8CBE00A9309D}.DebugLocal|Any CPU.Build.0 = Development
		{905C9F78-1EA6-4074-92F9-8CBE00A9309D}.Development|Any CPU.ActiveCfg = Development
		{905C9F78-1EA6-4074-92F9-8CBE00A9309D}.Development|Any CPU.Build.0 = Development
		{905C9F78-1EA6-4074-92F9-8CBE00A9309D}.Release|Any CPU.ActiveCfg = Development
		{905C9F78-1EA6-4074-92F9-8CBE00A9309D}.Release|Any CPU.Build.0 = Development
		{08EA0F58-5C01-453A-A9B5-7EB86F538BF7}.Debug|Any CPU.ActiveCfg = Debug|Any CPU
		{08EA0F58-5C01-453A-A9B5-7EB86F538BF7}.Debug|Any CPU.Build.0 = Debug|Any CPU
		{08EA0F58-5C01-453A-A9B5-7EB86F538BF7}.Debug|Any CPU.Deploy.0 = Debug|Any CPU
		{08EA0F58-5C01-453A-A9B5-7EB86F538BF7}.DebugLocal|Any CPU.ActiveCfg = Debug|Any CPU
		{08EA0F58-5C01-453A-A9B5-7EB86F538BF7}.DebugLocal|Any CPU.Build.0 = Debug|Any CPU
		{08EA0F58-5C01-453A-A9B5-7EB86F538BF7}.DebugLocal|Any CPU.Deploy.0 = Debug|Any CPU
		{08EA0F58-5C01-453A-A9B5-7EB86F538BF7}.Development|Any CPU.ActiveCfg = Debug|Any CPU
		{08EA0F58-5C01-453A-A9B5-7EB86F538BF7}.Development|Any CPU.Build.0 = Debug|Any CPU
		{08EA0F58-5C01-453A-A9B5-7EB86F538BF7}.Development|Any CPU.Deploy.0 = Debug|Any CPU
		{08EA0F58-5C01-453A-A9B5-7EB86F538BF7}.Release|Any CPU.ActiveCfg = Release|Any CPU
		{08EA0F58-5C01-453A-A9B5-7EB86F538BF7}.Release|Any CPU.Build.0 = Release|Any CPU
		{08EA0F58-5C01-453A-A9B5-7EB86F538BF7}.Release|Any CPU.Deploy.0 = Release|Any CPU
		{483B319D-7F85-45BA-98B8-2094B2E9EFC1}.Debug|Any CPU.ActiveCfg = Debug|Any CPU
		{483B319D-7F85-45BA-98B8-2094B2E9EFC1}.Debug|Any CPU.Build.0 = Debug|Any CPU
		{483B319D-7F85-45BA-98B8-2094B2E9EFC1}.DebugLocal|Any CPU.ActiveCfg = Debug|Any CPU
		{483B319D-7F85-45BA-98B8-2094B2E9EFC1}.DebugLocal|Any CPU.Build.0 = Debug|Any CPU
		{483B319D-7F85-45BA-98B8-2094B2E9EFC1}.Development|Any CPU.ActiveCfg = Debug|Any CPU
		{483B319D-7F85-45BA-98B8-2094B2E9EFC1}.Development|Any CPU.Build.0 = Debug|Any CPU
		{483B319D-7F85-45BA-98B8-2094B2E9EFC1}.Release|Any CPU.ActiveCfg = Release|Any CPU
		{483B319D-7F85-45BA-98B8-2094B2E9EFC1}.Release|Any CPU.Build.0 = Release|Any CPU
	EndGlobalSection
	GlobalSection(SolutionProperties) = preSolution
		HideSolutionNode = FALSE
	EndGlobalSection
EndGlobal
